
Microsoft Visual Studio Solution File, Format Version 12.00
# Visual Studio Version 16
VisualStudioVersion = 16.0.30907.101
MinimumVisualStudioVersion = 10.0.40219.1
Project("{9A19103F-16F7-4668-BE54-9A1E7A4F7556}") = "FanzaActressSearch", "FanzaActressSearch.csproj", "{66C17FAA-E2C5-46A6-B244-0A09A3DEF1BF}"
EndProject
Project("{9A19103F-16F7-4668-BE54-9A1E7A4F7556}") = "ActressGetter", "..\ActressGetter\ActressGetter.csproj", "{DE5DC2BB-B484-43BB-9945-9BA3CF8E452A}"
EndProject
Project("{9A19103F-16F7-4668-BE54-9A1E7A4F7556}") = "FanzaActressSearchTest", "..\FanzaActressSearchTest\FanzaActressSearchTest.csproj", "{F1F74C7A-6FCD-4526-AE8A-1360A2813531}"
EndProject
Global
	GlobalSection(SolutionConfigurationPlatforms) = preSolution
		Debug|Any CPU = Debug|Any CPU
		Release|Any CPU = Release|Any CPU
	EndGlobalSection
	GlobalSection(ProjectConfigurationPlatforms) = postSolution
		{66C17FAA-E2C5-46A6-B244-0A09A3DEF1BF}.Debug|Any CPU.ActiveCfg = Debug|Any CPU
		{66C17FAA-E2C5-46A6-B244-0A09A3DEF1BF}.Debug|Any CPU.Build.0 = Debug|Any CPU
		{66C17FAA-E2C5-46A6-B244-0A09A3DEF1BF}.Release|Any CPU.ActiveCfg = Release|Any CPU
		{66C17FAA-E2C5-46A6-B244-0A09A3DEF1BF}.Release|Any CPU.Build.0 = Release|Any CPU
		{DE5DC2BB-B484-43BB-9945-9BA3CF8E452A}.Debug|Any CPU.ActiveCfg = Debug|Any CPU
		{DE5DC2BB-B484-43BB-9945-9BA3CF8E452A}.Debug|Any CPU.Build.0 = Debug|Any CPU
		{DE5DC2BB-B484-43BB-9945-9BA3CF8E452A}.Release|Any CPU.ActiveCfg = Release|Any CPU
		{DE5DC2BB-B484-43BB-9945-9BA3CF8E452A}.Release|Any CPU.Build.0 = Release|Any CPU
		{F1F74C7A-6FCD-4526-AE8A-1360A2813531}.Debug|Any CPU.ActiveCfg = Debug|Any CPU
		{F1F74C7A-6FCD-4526-AE8A-1360A2813531}.Debug|Any CPU.Build.0 = Debug|Any CPU
		{F1F74C7A-6FCD-4526-AE8A-1360A2813531}.Release|Any CPU.ActiveCfg = Release|Any CPU
		{F1F74C7A-6FCD-4526-AE8A-1360A2813531}.Release|Any CPU.Build.0 = Release|Any CPU
	EndGlobalSection
	GlobalSection(SolutionProperties) = preSolution
		HideSolutionNode = FALSE
	EndGlobalSection
	GlobalSection(ExtensibilityGlobals) = postSolution
		SolutionGuid = {E708F253-25EC-4DE7-911E-1DED5F0B9802}
	EndGlobalSection
EndGlobal
